
Microsoft Visual Studio Solution File, Format Version 12.00
# Visual Studio 15
VisualStudioVersion = 15.0.27703.2042
MinimumVisualStudioVersion = 10.0.40219.1
Project("{FAE04EC0-301F-11D3-BF4B-00C04F79EFBC}") = "DifferencesOnline", "DifferencesOnline\DifferencesOnline.csproj", "{C72D9285-8BD4-4A7B-AD3D-38593DBEFDBD}"
EndProject
Global
	GlobalSection(SolutionConfigurationPlatforms) = preSolution
		Debug|Any CPU = Debug|Any CPU
		Release|Any CPU = Release|Any CPU
	EndGlobalSection
	GlobalSection(ProjectConfigurationPlatforms) = postSolution
		{C72D9285-8BD4-4A7B-AD3D-38593DBEFDBD}.Debug|Any CPU.ActiveCfg = Debug|Any CPU
		{C72D9285-8BD4-4A7B-AD3D-38593DBEFDBD}.Debug|Any CPU.Build.0 = Debug|Any CPU
		{C72D9285-8BD4-4A7B-AD3D-38593DBEFDBD}.Release|Any CPU.ActiveCfg = Release|Any CPU
		{C72D9285-8BD4-4A7B-AD3D-38593DBEFDBD}.Release|Any CPU.Build.0 = Release|Any CPU
	EndGlobalSection
	GlobalSection(SolutionProperties) = preSolution
		HideSolutionNode = FALSE
	EndGlobalSection
	GlobalSection(ExtensibilityGlobals) = postSolution
		SolutionGuid = {DB398010-0276-4888-88D5-903E82BE6845}
	EndGlobalSection
EndGlobal
